<?xml version="1.0" encoding="utf-8"?>
<Project ToolsVersion="4.0" xmlns="http://schemas.microsoft.com/developer/msbuild/2003">
  <ItemGroup>
    <ClCompile Include="Entity.cpp">
      <Filter>Engine\Source Files</Filter>
    </ClCompile>
    <ClCompile Include="Mesh.cpp">
      <Filter>Engine\Source Files</Filter>
    </ClCompile>
    <ClCompile Include="Objloader.cpp">
      <Filter>Engine\Source Files</Filter>
    </ClCompile>
    <ClCompile Include="Scene.cpp">
      <Filter>Engine\Source Files</Filter>
    </ClCompile>
    <ClCompile Include="ShaderProgram.cpp">
      <Filter>Engine\Source Files</Filter>
    </ClCompile>
    <ClCompile Include="Text.cpp">
      <Filter>Engine\Source Files</Filter>
    </ClCompile>
    <ClCompile Include="Texture.cpp">
      <Filter>Engine\Source Files</Filter>
    </ClCompile>
    <ClCompile Include="Timer.cpp">
      <Filter>Engine\Source Files</Filter>
    </ClCompile>
    <ClCompile Include="Utilities.cpp">
      <Filter>Engine\Source Files</Filter>
    </ClCompile>
    <ClCompile Include="Errors.cpp">
      <Filter>Engine\Source Files</Filter>
    </ClCompile>
    <ClCompile Include="main.cpp">
      <Filter>Source Files</Filter>
    </ClCompile>
    <ClCompile Include="Application.cpp">
      <Filter>Source Files</Filter>
    </ClCompile>
    <ClCompile Include="SoundSystem.cpp">
      <Filter>Engine\Source Files</Filter>
    </ClCompile>
  </ItemGroup>
  <ItemGroup>
    <ClInclude Include="Entity.h">
      <Filter>Engine\Header Files</Filter>
    </ClInclude>
    <ClInclude Include="Mesh.h">
      <Filter>Engine\Header Files</Filter>
    </ClInclude>
    <ClInclude Include="Objloader.h">
      <Filter>Engine\Header Files</Filter>
    </ClInclude>
    <ClInclude Include="Scene.h">
      <Filter>Engine\Header Files</Filter>
    </ClInclude>
    <ClInclude Include="ShaderProgram.h">
      <Filter>Engine\Header Files</Filter>
    </ClInclude>
    <ClInclude Include="Text.h">
      <Filter>Engine\Header Files</Filter>
    </ClInclude>
    <ClInclude Include="Texture.h">
      <Filter>Engine\Header Files</Filter>
    </ClInclude>
    <ClInclude Include="Timer.h">
      <Filter>Engine\Header Files</Filter>
    </ClInclude>
    <ClInclude Include="Utilities.h">
      <Filter>Engine\Header Files</Filter>
    </ClInclude>
    <ClInclude Include="Errors.h">
      <Filter>Engine\Header Files</Filter>
    </ClInclude>
    <ClInclude Include="Application.h">
      <Filter>Source Files</Filter>
    </ClInclude>
    <ClInclude Include="SoundSystem.h">
      <Filter>Engine\Header Files</Filter>
    </ClInclude>
  </ItemGroup>
  <ItemGroup>
    <None Include="Assets\Shaders\Text\Text.vert">
      <Filter>Engine\Shaders</Filter>
    </None>
    <None Include="Assets\Shaders\StaticGeometry.vert">
      <Filter>Engine\Shaders</Filter>
    </None>
    <None Include="Assets\Shaders\Text\Text.frag">
      <Filter>Engine\Shaders</Filter>
    </None>
    <None Include="Assets\Shaders\Phong.frag">
      <Filter>Engine\Shaders</Filter>
    </None>
  </ItemGroup>
  <ItemGroup>
    <Filter Include="Engine">
      <UniqueIdentifier>{5ffac191-6814-441c-8efc-d7a08fefbc25}</UniqueIdentifier>
    </Filter>
    <Filter Include="Engine\Source Files">
      <UniqueIdentifier>{a81fd8de-2a24-4862-8641-6302cccac7b1}</UniqueIdentifier>
    </Filter>
    <Filter Include="Engine\Header Files">
      <UniqueIdentifier>{c02405ba-d19c-4e1c-a7cc-b47449c63e10}</UniqueIdentifier>
    </Filter>
    <Filter Include="Engine\Shaders">
      <UniqueIdentifier>{bb35aca7-fe5a-422f-a079-5f4e63e8c7de}</UniqueIdentifier>
    </Filter>
    <Filter Include="Header Files">
      <UniqueIdentifier>{90ccab20-d791-42c1-b649-b976a671934f}</UniqueIdentifier>
    </Filter>
    <Filter Include="Source Files">
      <UniqueIdentifier>{914217c4-8df3-4b06-a0c5-4814f97b2314}</UniqueIdentifier>
    </Filter>
  </ItemGroup>
</Project>